
Microsoft Visual Studio Solution File, Format Version 12.00
# Visual Studio Version 16
VisualStudioVersion = 16.0.32802.440
MinimumVisualStudioVersion = 10.0.40219.1
Project("{FAE04EC0-301F-11D3-BF4B-00C04F79EFBC}") = "Lab1", "Lab1.csproj", "{AB4AACEE-F859-493A-AA1C-9DE503741E54}"
EndProject
Project("{FAE04EC0-301F-11D3-BF4B-00C04F79EFBC}") = "StudentDetails", "..\StudentDetails\StudentDetails.csproj", "{5E211734-2F10-4BC9-A833-878CC16F9EF2}"
EndProject
Project("{FAE04EC0-301F-11D3-BF4B-00C04F79EFBC}") = "Lab1_Lab6", "..\Lab1_Lab6\Lab1_Lab6.csproj", "{E33DC3C4-4EF9-4485-A78E-C1826BFD7D30}"
EndProject
Project("{FAE04EC0-301F-11D3-BF4B-00C04F79EFBC}") = "Print1_n_numbers", "..\Print1_n_numbers\Print1_n_numbers.csproj", "{035D36C2-B841-4C68-92D0-2744DCF452CE}"
EndProject
Project("{FAE04EC0-301F-11D3-BF4B-00C04F79EFBC}") = "Calculator", "..\Calculator\Calculator.csproj", "{999BDE95-6FF2-4BC9-9486-6D345A3A260F}"
EndProject
Project("{FAE04EC0-301F-11D3-BF4B-00C04F79EFBC}") = "FirstWindowsForm", "..\FirstWindowsForm\FirstWindowsForm.csproj", "{B02B2A91-2C15-491E-B430-3ABCDD1C86C7}"
EndProject
Project("{FAE04EC0-301F-11D3-BF4B-00C04F79EFBC}") = "CustomerDataForm", "..\CustomerDataForm\CustomerDataForm.csproj", "{532C75A5-E80D-4706-840D-48EE0E229225}"
EndProject
Global
	GlobalSection(SolutionConfigurationPlatforms) = preSolution
		Debug|Any CPU = Debug|Any CPU
		Release|Any CPU = Release|Any CPU
	EndGlobalSection
	GlobalSection(ProjectConfigurationPlatforms) = postSolution
		{AB4AACEE-F859-493A-AA1C-9DE503741E54}.Debug|Any CPU.ActiveCfg = Debug|Any CPU
		{AB4AACEE-F859-493A-AA1C-9DE503741E54}.Debug|Any CPU.Build.0 = Debug|Any CPU
		{AB4AACEE-F859-493A-AA1C-9DE503741E54}.Release|Any CPU.ActiveCfg = Release|Any CPU
		{AB4AACEE-F859-493A-AA1C-9DE503741E54}.Release|Any CPU.Build.0 = Release|Any CPU
		{5E211734-2F10-4BC9-A833-878CC16F9EF2}.Debug|Any CPU.ActiveCfg = Debug|Any CPU
		{5E211734-2F10-4BC9-A833-878CC16F9EF2}.Debug|Any CPU.Build.0 = Debug|Any CPU
		{5E211734-2F10-4BC9-A833-878CC16F9EF2}.Release|Any CPU.ActiveCfg = Release|Any CPU
		{5E211734-2F10-4BC9-A833-878CC16F9EF2}.Release|Any CPU.Build.0 = Release|Any CPU
		{E33DC3C4-4EF9-4485-A78E-C1826BFD7D30}.Debug|Any CPU.ActiveCfg = Debug|Any CPU
		{E33DC3C4-4EF9-4485-A78E-C1826BFD7D30}.Debug|Any CPU.Build.0 = Debug|Any CPU
		{E33DC3C4-4EF9-4485-A78E-C1826BFD7D30}.Release|Any CPU.ActiveCfg = Release|Any CPU
		{E33DC3C4-4EF9-4485-A78E-C1826BFD7D30}.Release|Any CPU.Build.0 = Release|Any CPU
		{035D36C2-B841-4C68-92D0-2744DCF452CE}.Debug|Any CPU.ActiveCfg = Debug|Any CPU
		{035D36C2-B841-4C68-92D0-2744DCF452CE}.Debug|Any CPU.Build.0 = Debug|Any CPU
		{035D36C2-B841-4C68-92D0-2744DCF452CE}.Release|Any CPU.ActiveCfg = Release|Any CPU
		{035D36C2-B841-4C68-92D0-2744DCF452CE}.Release|Any CPU.Build.0 = Release|Any CPU
		{999BDE95-6FF2-4BC9-9486-6D345A3A260F}.Debug|Any CPU.ActiveCfg = Debug|Any CPU
		{999BDE95-6FF2-4BC9-9486-6D345A3A260F}.Debug|Any CPU.Build.0 = Debug|Any CPU
		{999BDE95-6FF2-4BC9-9486-6D345A3A260F}.Release|Any CPU.ActiveCfg = Release|Any CPU
		{999BDE95-6FF2-4BC9-9486-6D345A3A260F}.Release|Any CPU.Build.0 = Release|Any CPU
		{B02B2A91-2C15-491E-B430-3ABCDD1C86C7}.Debug|Any CPU.ActiveCfg = Debug|Any CPU
		{B02B2A91-2C15-491E-B430-3ABCDD1C86C7}.Debug|Any CPU.Build.0 = Debug|Any CPU
		{B02B2A91-2C15-491E-B430-3ABCDD1C86C7}.Release|Any CPU.ActiveCfg = Release|Any CPU
		{B02B2A91-2C15-491E-B430-3ABCDD1C86C7}.Release|Any CPU.Build.0 = Release|Any CPU
		{532C75A5-E80D-4706-840D-48EE0E229225}.Debug|Any CPU.ActiveCfg = Debug|Any CPU
		{532C75A5-E80D-4706-840D-48EE0E229225}.Debug|Any CPU.Build.0 = Debug|Any CPU
		{532C75A5-E80D-4706-840D-48EE0E229225}.Release|Any CPU.ActiveCfg = Release|Any CPU
		{532C75A5-E80D-4706-840D-48EE0E229225}.Release|Any CPU.Build.0 = Release|Any CPU
	EndGlobalSection
	GlobalSection(SolutionProperties) = preSolution
		HideSolutionNode = FALSE
	EndGlobalSection
	GlobalSection(ExtensibilityGlobals) = postSolution
		SolutionGuid = {7DD7208E-0F65-4F50-9850-FEE7265A0B9A}
	EndGlobalSection
EndGlobal
